Microsoft Visual Studio Solution File, Format Version 12.00
# Visual Studio 14
Project("{8BC9CEB8-8B4A-11D0-8D11-00A0C91BC942}") = "ALL_BUILD", "ALL_BUILD.vcxproj", "{895C6938-77DE-3F68-908C-607EB2B1EFC7}"
	ProjectSection(ProjectDependencies) = postProject
		{E0F35026-0484-3248-9DE5-9593FA876C80} = {E0F35026-0484-3248-9DE5-9593FA876C80}
		{75ED4112-2A7B-3E94-A522-F09D4393DD4C} = {75ED4112-2A7B-3E94-A522-F09D4393DD4C}
		{54BB0935-036A-3C95-A888-AE7EA14DF62B} = {54BB0935-036A-3C95-A888-AE7EA14DF62B}
		{B42BD645-124E-3DE3-AAD2-D603A6319E48} = {B42BD645-124E-3DE3-AAD2-D603A6319E48}
		{A98858C2-0454-3F68-93B3-8A08C9D0DA91} = {A98858C2-0454-3F68-93B3-8A08C9D0DA91}
		{D6E20E1D-38DF-3FE0-9B0D-6505AE1552C8} = {D6E20E1D-38DF-3FE0-9B0D-6505AE1552C8}
		{4EA67FFD-9670-39B4-A76D-5BF08F287F35} = {4EA67FFD-9670-39B4-A76D-5BF08F287F35}
		{9E874DBF-96BF-343A-A1B8-84C32C7F0FFD} = {9E874DBF-96BF-343A-A1B8-84C32C7F0FFD}
		{910EE277-B5DA-3B00-AF58-C6FD68BD8F10} = {910EE277-B5DA-3B00-AF58-C6FD68BD8F10}
		{FF77528D-49BD-3063-9E67-84ECEE5153C7} = {FF77528D-49BD-3063-9E67-84ECEE5153C7}
		{7D06C868-280C-35B9-A30B-DFB4494A92FD} = {7D06C868-280C-35B9-A30B-DFB4494A92FD}
		{68783BA2-A2F5-32E3-921B-E0F5D3AE0F8A} = {68783BA2-A2F5-32E3-921B-E0F5D3AE0F8A}
		{7138627E-06BB-321E-8B0F-E57E4AA9EC75} = {7138627E-06BB-321E-8B0F-E57E4AA9EC75}
		{C35D0EE7-CE0E-3AA3-BE56-9A389AF7A7D0} = {C35D0EE7-CE0E-3AA3-BE56-9A389AF7A7D0}
		{827364A0-91C4-3200-9CF0-6F9FDB0AC9D9} = {827364A0-91C4-3200-9CF0-6F9FDB0AC9D9}
		{EEB71D5D-433A-3661-84F0-887DA11AFDC7} = {EEB71D5D-433A-3661-84F0-887DA11AFDC7}
		{7951BDE0-362F-3390-8D13-427C5C0F65AA} = {7951BDE0-362F-3390-8D13-427C5C0F65AA}
		{0EB8DB64-B391-32F3-9FB0-18A2A1A99147} = {0EB8DB64-B391-32F3-9FB0-18A2A1A99147}
		{344A0ECA-C145-3431-855F-6D48B9968A37} = {344A0ECA-C145-3431-855F-6D48B9968A37}
		{5C61AF60-A41A-38FE-B172-89ED19F67FE5} = {5C61AF60-A41A-38FE-B172-89ED19F67FE5}
		{1B5F1637-9F16-3ED1-9527-387728B32356} = {1B5F1637-9F16-3ED1-9527-387728B32356}
		{8B99B670-2F8C-3C52-B6FB-1194FA594064} = {8B99B670-2F8C-3C52-B6FB-1194FA594064}
		{B5B77B40-CF79-393A-A64B-1E18DC24E0D6} = {B5B77B40-CF79-393A-A64B-1E18DC24E0D6}
		{7B54A593-9EDE-390C-AD4D-DA5B5CE5613D} = {7B54A593-9EDE-390C-AD4D-DA5B5CE5613D}
		{8EE2B0A0-CB89-3022-9D47-72889A00975F} = {8EE2B0A0-CB89-3022-9D47-72889A00975F}
	EndProjectSection
EndProject
Project("{8BC9CEB8-8B4A-11D0-8D11-00A0C91BC942}") = "CallbackMaker", "CallbackMaker.vcxproj", "{E0F35026-0484-3248-9DE5-9593FA876C80}"
	ProjectSection(ProjectDependencies) = postProject
		{7138627E-06BB-321E-8B0F-E57E4AA9EC75} = {7138627E-06BB-321E-8B0F-E57E4AA9EC75}
		{C35D0EE7-CE0E-3AA3-BE56-9A389AF7A7D0} = {C35D0EE7-CE0E-3AA3-BE56-9A389AF7A7D0}
	EndProjectSection
EndProject
Project("{8BC9CEB8-8B4A-11D0-8D11-00A0C91BC942}") = "CallbackMaker_static", "CallbackMaker_static.vcxproj", "{75ED4112-2A7B-3E94-A522-F09D4393DD4C}"
	ProjectSection(ProjectDependencies) = postProject
		{7138627E-06BB-321E-8B0F-E57E4AA9EC75} = {7138627E-06BB-321E-8B0F-E57E4AA9EC75}
		{827364A0-91C4-3200-9CF0-6F9FDB0AC9D9} = {827364A0-91C4-3200-9CF0-6F9FDB0AC9D9}
	EndProjectSection
EndProject
Project("{8BC9CEB8-8B4A-11D0-8D11-00A0C91BC942}") = "Fractals", "Fractals.vcxproj", "{54BB0935-036A-3C95-A888-AE7EA14DF62B}"
	ProjectSection(ProjectDependencies) = postProject
		{7138627E-06BB-321E-8B0F-E57E4AA9EC75} = {7138627E-06BB-321E-8B0F-E57E4AA9EC75}
		{C35D0EE7-CE0E-3AA3-BE56-9A389AF7A7D0} = {C35D0EE7-CE0E-3AA3-BE56-9A389AF7A7D0}
	EndProjectSection
EndProject
Project("{8BC9CEB8-8B4A-11D0-8D11-00A0C91BC942}") = "Fractals_random", "Fractals_random.vcxproj", "{B42BD645-124E-3DE3-AAD2-D603A6319E48}"
	ProjectSection(ProjectDependencies) = postProject
		{7138627E-06BB-321E-8B0F-E57E4AA9EC75} = {7138627E-06BB-321E-8B0F-E57E4AA9EC75}
		{C35D0EE7-CE0E-3AA3-BE56-9A389AF7A7D0} = {C35D0EE7-CE0E-3AA3-BE56-9A389AF7A7D0}
	EndProjectSection
EndProject
Project("{8BC9CEB8-8B4A-11D0-8D11-00A0C91BC942}") = "Fractals_random_static", "Fractals_random_static.vcxproj", "{A98858C2-0454-3F68-93B3-8A08C9D0DA91}"
	ProjectSection(ProjectDependencies) = postProject
		{7138627E-06BB-321E-8B0F-E57E4AA9EC75} = {7138627E-06BB-321E-8B0F-E57E4AA9EC75}
		{827364A0-91C4-3200-9CF0-6F9FDB0AC9D9} = {827364A0-91C4-3200-9CF0-6F9FDB0AC9D9}
	EndProjectSection
EndProject
Project("{8BC9CEB8-8B4A-11D0-8D11-00A0C91BC942}") = "Fractals_static", "Fractals_static.vcxproj", "{D6E20E1D-38DF-3FE0-9B0D-6505AE1552C8}"
	ProjectSection(ProjectDependencies) = postProject
		{7138627E-06BB-321E-8B0F-E57E4AA9EC75} = {7138627E-06BB-321E-8B0F-E57E4AA9EC75}
		{827364A0-91C4-3200-9CF0-6F9FDB0AC9D9} = {827364A0-91C4-3200-9CF0-6F9FDB0AC9D9}
	EndProjectSection
EndProject
Project("{8BC9CEB8-8B4A-11D0-8D11-00A0C91BC942}") = "INSTALL", "INSTALL.vcxproj", "{08A87FE3-F6A9-3646-9AEA-EE1C721BF073}"
	ProjectSection(ProjectDependencies) = postProject
		{895C6938-77DE-3F68-908C-607EB2B1EFC7} = {895C6938-77DE-3F68-908C-607EB2B1EFC7}
		{7138627E-06BB-321E-8B0F-E57E4AA9EC75} = {7138627E-06BB-321E-8B0F-E57E4AA9EC75}
	EndProjectSection
EndProject
Project("{8BC9CEB8-8B4A-11D0-8D11-00A0C91BC942}") = "Lorenz", "Lorenz.vcxproj", "{4EA67FFD-9670-39B4-A76D-5BF08F287F35}"
	ProjectSection(ProjectDependencies) = postProject
		{7138627E-06BB-321E-8B0F-E57E4AA9EC75} = {7138627E-06BB-321E-8B0F-E57E4AA9EC75}
		{C35D0EE7-CE0E-3AA3-BE56-9A389AF7A7D0} = {C35D0EE7-CE0E-3AA3-BE56-9A389AF7A7D0}
	EndProjectSection
EndProject
Project("{8BC9CEB8-8B4A-11D0-8D11-00A0C91BC942}") = "Lorenz_static", "Lorenz_static.vcxproj", "{9E874DBF-96BF-343A-A1B8-84C32C7F0FFD}"
	ProjectSection(ProjectDependencies) = postProject
		{7138627E-06BB-321E-8B0F-E57E4AA9EC75} = {7138627E-06BB-321E-8B0F-E57E4AA9EC75}
		{827364A0-91C4-3200-9CF0-6F9FDB0AC9D9} = {827364A0-91C4-3200-9CF0-6F9FDB0AC9D9}
	EndProjectSection
EndProject
Project("{8BC9CEB8-8B4A-11D0-8D11-00A0C91BC942}") = "One", "One.vcxproj", "{910EE277-B5DA-3B00-AF58-C6FD68BD8F10}"
	ProjectSection(ProjectDependencies) = postProject
		{7138627E-06BB-321E-8B0F-E57E4AA9EC75} = {7138627E-06BB-321E-8B0F-E57E4AA9EC75}
		{C35D0EE7-CE0E-3AA3-BE56-9A389AF7A7D0} = {C35D0EE7-CE0E-3AA3-BE56-9A389AF7A7D0}
	EndProjectSection
EndProject
Project("{8BC9CEB8-8B4A-11D0-8D11-00A0C91BC942}") = "One_static", "One_static.vcxproj", "{FF77528D-49BD-3063-9E67-84ECEE5153C7}"
	ProjectSection(ProjectDependencies) = postProject
		{7138627E-06BB-321E-8B0F-E57E4AA9EC75} = {7138627E-06BB-321E-8B0F-E57E4AA9EC75}
		{827364A0-91C4-3200-9CF0-6F9FDB0AC9D9} = {827364A0-91C4-3200-9CF0-6F9FDB0AC9D9}
	EndProjectSection
EndProject
Project("{8BC9CEB8-8B4A-11D0-8D11-00A0C91BC942}") = "Resizer", "Resizer.vcxproj", "{7D06C868-280C-35B9-A30B-DFB4494A92FD}"
	ProjectSection(ProjectDependencies) = postProject
		{7138627E-06BB-321E-8B0F-E57E4AA9EC75} = {7138627E-06BB-321E-8B0F-E57E4AA9EC75}
		{C35D0EE7-CE0E-3AA3-BE56-9A389AF7A7D0} = {C35D0EE7-CE0E-3AA3-BE56-9A389AF7A7D0}
	EndProjectSection
EndProject
Project("{8BC9CEB8-8B4A-11D0-8D11-00A0C91BC942}") = "Resizer_static", "Resizer_static.vcxproj", "{68783BA2-A2F5-32E3-921B-E0F5D3AE0F8A}"
	ProjectSection(ProjectDependencies) = postProject
		{7138627E-06BB-321E-8B0F-E57E4AA9EC75} = {7138627E-06BB-321E-8B0F-E57E4AA9EC75}
		{827364A0-91C4-3200-9CF0-6F9FDB0AC9D9} = {827364A0-91C4-3200-9CF0-6F9FDB0AC9D9}
	EndProjectSection
EndProject
Project("{8BC9CEB8-8B4A-11D0-8D11-00A0C91BC942}") = "ZERO_CHECK", "ZERO_CHECK.vcxproj", "{7138627E-06BB-321E-8B0F-E57E4AA9EC75}"
	ProjectSection(ProjectDependencies) = postProject
	EndProjectSection
EndProject
Project("{8BC9CEB8-8B4A-11D0-8D11-00A0C91BC942}") = "freeglut", "freeglut.vcxproj", "{C35D0EE7-CE0E-3AA3-BE56-9A389AF7A7D0}"
	ProjectSection(ProjectDependencies) = postProject
		{7138627E-06BB-321E-8B0F-E57E4AA9EC75} = {7138627E-06BB-321E-8B0F-E57E4AA9EC75}
	EndProjectSection
EndProject
Project("{8BC9CEB8-8B4A-11D0-8D11-00A0C91BC942}") = "freeglut_static", "freeglut_static.vcxproj", "{827364A0-91C4-3200-9CF0-6F9FDB0AC9D9}"
	ProjectSection(ProjectDependencies) = postProject
		{7138627E-06BB-321E-8B0F-E57E4AA9EC75} = {7138627E-06BB-321E-8B0F-E57E4AA9EC75}
	EndProjectSection
EndProject
Project("{8BC9CEB8-8B4A-11D0-8D11-00A0C91BC942}") = "multi-touch", "multi-touch.vcxproj", "{EEB71D5D-433A-3661-84F0-887DA11AFDC7}"
	ProjectSection(ProjectDependencies) = postProject
		{7138627E-06BB-321E-8B0F-E57E4AA9EC75} = {7138627E-06BB-321E-8B0F-E57E4AA9EC75}
		{C35D0EE7-CE0E-3AA3-BE56-9A389AF7A7D0} = {C35D0EE7-CE0E-3AA3-BE56-9A389AF7A7D0}
	EndProjectSection
EndProject
Project("{8BC9CEB8-8B4A-11D0-8D11-00A0C91BC942}") = "multi-touch_static", "multi-touch_static.vcxproj", "{7951BDE0-362F-3390-8D13-427C5C0F65AA}"
	ProjectSection(ProjectDependencies) = postProject
		{7138627E-06BB-321E-8B0F-E57E4AA9EC75} = {7138627E-06BB-321E-8B0F-E57E4AA9EC75}
		{827364A0-91C4-3200-9CF0-6F9FDB0AC9D9} = {827364A0-91C4-3200-9CF0-6F9FDB0AC9D9}
	EndProjectSection
EndProject
Project("{8BC9CEB8-8B4A-11D0-8D11-00A0C91BC942}") = "shapes", "shapes.vcxproj", "{0EB8DB64-B391-32F3-9FB0-18A2A1A99147}"
	ProjectSection(ProjectDependencies) = postProject
		{7138627E-06BB-321E-8B0F-E57E4AA9EC75} = {7138627E-06BB-321E-8B0F-E57E4AA9EC75}
		{C35D0EE7-CE0E-3AA3-BE56-9A389AF7A7D0} = {C35D0EE7-CE0E-3AA3-BE56-9A389AF7A7D0}
	EndProjectSection
EndProject
Project("{8BC9CEB8-8B4A-11D0-8D11-00A0C91BC942}") = "shapes_static", "shapes_static.vcxproj", "{344A0ECA-C145-3431-855F-6D48B9968A37}"
	ProjectSection(ProjectDependencies) = postProject
		{7138627E-06BB-321E-8B0F-E57E4AA9EC75} = {7138627E-06BB-321E-8B0F-E57E4AA9EC75}
		{827364A0-91C4-3200-9CF0-6F9FDB0AC9D9} = {827364A0-91C4-3200-9CF0-6F9FDB0AC9D9}
	EndProjectSection
EndProject
Project("{8BC9CEB8-8B4A-11D0-8D11-00A0C91BC942}") = "smooth_opengl3", "smooth_opengl3.vcxproj", "{5C61AF60-A41A-38FE-B172-89ED19F67FE5}"
	ProjectSection(ProjectDependencies) = postProject
		{7138627E-06BB-321E-8B0F-E57E4AA9EC75} = {7138627E-06BB-321E-8B0F-E57E4AA9EC75}
		{C35D0EE7-CE0E-3AA3-BE56-9A389AF7A7D0} = {C35D0EE7-CE0E-3AA3-BE56-9A389AF7A7D0}
	EndProjectSection
EndProject
Project("{8BC9CEB8-8B4A-11D0-8D11-00A0C91BC942}") = "smooth_opengl3_static", "smooth_opengl3_static.vcxproj", "{1B5F1637-9F16-3ED1-9527-387728B32356}"
	ProjectSection(ProjectDependencies) = postProject
		{7138627E-06BB-321E-8B0F-E57E4AA9EC75} = {7138627E-06BB-321E-8B0F-E57E4AA9EC75}
		{827364A0-91C4-3200-9CF0-6F9FDB0AC9D9} = {827364A0-91C4-3200-9CF0-6F9FDB0AC9D9}
	EndProjectSection
EndProject
Project("{8BC9CEB8-8B4A-11D0-8D11-00A0C91BC942}") = "subwin", "subwin.vcxproj", "{8B99B670-2F8C-3C52-B6FB-1194FA594064}"
	ProjectSection(ProjectDependencies) = postProject
		{7138627E-06BB-321E-8B0F-E57E4AA9EC75} = {7138627E-06BB-321E-8B0F-E57E4AA9EC75}
		{C35D0EE7-CE0E-3AA3-BE56-9A389AF7A7D0} = {C35D0EE7-CE0E-3AA3-BE56-9A389AF7A7D0}
	EndProjectSection
EndProject
Project("{8BC9CEB8-8B4A-11D0-8D11-00A0C91BC942}") = "subwin_static", "subwin_static.vcxproj", "{B5B77B40-CF79-393A-A64B-1E18DC24E0D6}"
	ProjectSection(ProjectDependencies) = postProject
		{7138627E-06BB-321E-8B0F-E57E4AA9EC75} = {7138627E-06BB-321E-8B0F-E57E4AA9EC75}
		{827364A0-91C4-3200-9CF0-6F9FDB0AC9D9} = {827364A0-91C4-3200-9CF0-6F9FDB0AC9D9}
	EndProjectSection
EndProject
Project("{8BC9CEB8-8B4A-11D0-8D11-00A0C91BC942}") = "timer", "timer.vcxproj", "{7B54A593-9EDE-390C-AD4D-DA5B5CE5613D}"
	ProjectSection(ProjectDependencies) = postProject
		{7138627E-06BB-321E-8B0F-E57E4AA9EC75} = {7138627E-06BB-321E-8B0F-E57E4AA9EC75}
		{C35D0EE7-CE0E-3AA3-BE56-9A389AF7A7D0} = {C35D0EE7-CE0E-3AA3-BE56-9A389AF7A7D0}
	EndProjectSection
EndProject
Project("{8BC9CEB8-8B4A-11D0-8D11-00A0C91BC942}") = "timer_static", "timer_static.vcxproj", "{8EE2B0A0-CB89-3022-9D47-72889A00975F}"
	ProjectSection(ProjectDependencies) = postProject
		{7138627E-06BB-321E-8B0F-E57E4AA9EC75} = {7138627E-06BB-321E-8B0F-E57E4AA9EC75}
		{827364A0-91C4-3200-9CF0-6F9FDB0AC9D9} = {827364A0-91C4-3200-9CF0-6F9FDB0AC9D9}
	EndProjectSection
EndProject
Global
	GlobalSection(SolutionConfigurationPlatforms) = preSolution
		Debug|Win32 = Debug|Win32
		Release|Win32 = Release|Win32
		MinSizeRel|Win32 = MinSizeRel|Win32
		RelWithDebInfo|Win32 = RelWithDebInfo|Win32
	EndGlobalSection
	GlobalSection(ProjectConfigurationPlatforms) = postSolution
		{895C6938-77DE-3F68-908C-607EB2B1EFC7}.Debug|Win32.ActiveCfg = Debug|Win32
		{895C6938-77DE-3F68-908C-607EB2B1EFC7}.Debug|Win32.Build.0 = Debug|Win32
		{895C6938-77DE-3F68-908C-607EB2B1EFC7}.Release|Win32.ActiveCfg = Release|Win32
		{895C6938-77DE-3F68-908C-607EB2B1EFC7}.Release|Win32.Build.0 = Release|Win32
		{895C6938-77DE-3F68-908C-607EB2B1EFC7}.MinSizeRel|Win32.ActiveCfg = MinSizeRel|Win32
		{895C6938-77DE-3F68-908C-607EB2B1EFC7}.MinSizeRel|Win32.Build.0 = MinSizeRel|Win32
		{895C6938-77DE-3F68-908C-607EB2B1EFC7}.RelWithDebInfo|Win32.ActiveCfg = RelWithDebInfo|Win32
		{895C6938-77DE-3F68-908C-607EB2B1EFC7}.RelWithDebInfo|Win32.Build.0 = RelWithDebInfo|Win32
		{E0F35026-0484-3248-9DE5-9593FA876C80}.Debug|Win32.ActiveCfg = Debug|Win32
		{E0F35026-0484-3248-9DE5-9593FA876C80}.Debug|Win32.Build.0 = Debug|Win32
		{E0F35026-0484-3248-9DE5-9593FA876C80}.Release|Win32.ActiveCfg = Release|Win32
		{E0F35026-0484-3248-9DE5-9593FA876C80}.Release|Win32.Build.0 = Release|Win32
		{E0F35026-0484-3248-9DE5-9593FA876C80}.MinSizeRel|Win32.ActiveCfg = MinSizeRel|Win32
		{E0F35026-0484-3248-9DE5-9593FA876C80}.MinSizeRel|Win32.Build.0 = MinSizeRel|Win32
		{E0F35026-0484-3248-9DE5-9593FA876C80}.RelWithDebInfo|Win32.ActiveCfg = RelWithDebInfo|Win32
		{E0F35026-0484-3248-9DE5-9593FA876C80}.RelWithDebInfo|Win32.Build.0 = RelWithDebInfo|Win32
		{75ED4112-2A7B-3E94-A522-F09D4393DD4C}.Debug|Win32.ActiveCfg = Debug|Win32
		{75ED4112-2A7B-3E94-A522-F09D4393DD4C}.Debug|Win32.Build.0 = Debug|Win32
		{75ED4112-2A7B-3E94-A522-F09D4393DD4C}.Release|Win32.ActiveCfg = Release|Win32
		{75ED4112-2A7B-3E94-A522-F09D4393DD4C}.Release|Win32.Build.0 = Release|Win32
		{75ED4112-2A7B-3E94-A522-F09D4393DD4C}.MinSizeRel|Win32.ActiveCfg = MinSizeRel|Win32
		{75ED4112-2A7B-3E94-A522-F09D4393DD4C}.MinSizeRel|Win32.Build.0 = MinSizeRel|Win32
		{75ED4112-2A7B-3E94-A522-F09D4393DD4C}.RelWithDebInfo|Win32.ActiveCfg = RelWithDebInfo|Win32
		{75ED4112-2A7B-3E94-A522-F09D4393DD4C}.RelWithDebInfo|Win32.Build.0 = RelWithDebInfo|Win32
		{54BB0935-036A-3C95-A888-AE7EA14DF62B}.Debug|Win32.ActiveCfg = Debug|Win32
		{54BB0935-036A-3C95-A888-AE7EA14DF62B}.Debug|Win32.Build.0 = Debug|Win32
		{54BB0935-036A-3C95-A888-AE7EA14DF62B}.Release|Win32.ActiveCfg = Release|Win32
		{54BB0935-036A-3C95-A888-AE7EA14DF62B}.Release|Win32.Build.0 = Release|Win32
		{54BB0935-036A-3C95-A888-AE7EA14DF62B}.MinSizeRel|Win32.ActiveCfg = MinSizeRel|Win32
		{54BB0935-036A-3C95-A888-AE7EA14DF62B}.MinSizeRel|Win32.Build.0 = MinSizeRel|Win32
		{54BB0935-036A-3C95-A888-AE7EA14DF62B}.RelWithDebInfo|Win32.ActiveCfg = RelWithDebInfo|Win32
		{54BB0935-036A-3C95-A888-AE7EA14DF62B}.RelWithDebInfo|Win32.Build.0 = RelWithDebInfo|Win32
		{B42BD645-124E-3DE3-AAD2-D603A6319E48}.Debug|Win32.ActiveCfg = Debug|Win32
		{B42BD645-124E-3DE3-AAD2-D603A6319E48}.Debug|Win32.Build.0 = Debug|Win32
		{B42BD645-124E-3DE3-AAD2-D603A6319E48}.Release|Win32.ActiveCfg = Release|Win32
		{B42BD645-124E-3DE3-AAD2-D603A6319E48}.Release|Win32.Build.0 = Release|Win32
		{B42BD645-124E-3DE3-AAD2-D603A6319E48}.MinSizeRel|Win32.ActiveCfg = MinSizeRel|Win32
		{B42BD645-124E-3DE3-AAD2-D603A6319E48}.MinSizeRel|Win32.Build.0 = MinSizeRel|Win32
		{B42BD645-124E-3DE3-AAD2-D603A6319E48}.RelWithDebInfo|Win32.ActiveCfg = RelWithDebInfo|Win32
		{B42BD645-124E-3DE3-AAD2-D603A6319E48}.RelWithDebInfo|Win32.Build.0 = RelWithDebInfo|Win32
		{A98858C2-0454-3F68-93B3-8A08C9D0DA91}.Debug|Win32.ActiveCfg = Debug|Win32
		{A98858C2-0454-3F68-93B3-8A08C9D0DA91}.Debug|Win32.Build.0 = Debug|Win32
		{A98858C2-0454-3F68-93B3-8A08C9D0DA91}.Release|Win32.ActiveCfg = Release|Win32
		{A98858C2-0454-3F68-93B3-8A08C9D0DA91}.Release|Win32.Build.0 = Release|Win32
		{A98858C2-0454-3F68-93B3-8A08C9D0DA91}.MinSizeRel|Win32.ActiveCfg = MinSizeRel|Win32
		{A98858C2-0454-3F68-93B3-8A08C9D0DA91}.MinSizeRel|Win32.Build.0 = MinSizeRel|Win32
		{A98858C2-0454-3F68-93B3-8A08C9D0DA91}.RelWithDebInfo|Win32.ActiveCfg = RelWithDebInfo|Win32
		{A98858C2-0454-3F68-93B3-8A08C9D0DA91}.RelWithDebInfo|Win32.Build.0 = RelWithDebInfo|Win32
		{D6E20E1D-38DF-3FE0-9B0D-6505AE1552C8}.Debug|Win32.ActiveCfg = Debug|Win32
		{D6E20E1D-38DF-3FE0-9B0D-6505AE1552C8}.Debug|Win32.Build.0 = Debug|Win32
		{D6E20E1D-38DF-3FE0-9B0D-6505AE1552C8}.Release|Win32.ActiveCfg = Release|Win32
		{D6E20E1D-38DF-3FE0-9B0D-6505AE1552C8}.Release|Win32.Build.0 = Release|Win32
		{D6E20E1D-38DF-3FE0-9B0D-6505AE1552C8}.MinSizeRel|Win32.ActiveCfg = MinSizeRel|Win32
		{D6E20E1D-38DF-3FE0-9B0D-6505AE1552C8}.MinSizeRel|Win32.Build.0 = MinSizeRel|Win32
		{D6E20E1D-38DF-3FE0-9B0D-6505AE1552C8}.RelWithDebInfo|Win32.ActiveCfg = RelWithDebInfo|Win32
		{D6E20E1D-38DF-3FE0-9B0D-6505AE1552C8}.RelWithDebInfo|Win32.Build.0 = RelWithDebInfo|Win32
		{08A87FE3-F6A9-3646-9AEA-EE1C721BF073}.Debug|Win32.ActiveCfg = Debug|Win32
		{08A87FE3-F6A9-3646-9AEA-EE1C721BF073}.Release|Win32.ActiveCfg = Release|Win32
		{08A87FE3-F6A9-3646-9AEA-EE1C721BF073}.MinSizeRel|Win32.ActiveCfg = MinSizeRel|Win32
		{08A87FE3-F6A9-3646-9AEA-EE1C721BF073}.RelWithDebInfo|Win32.ActiveCfg = RelWithDebInfo|Win32
		{4EA67FFD-9670-39B4-A76D-5BF08F287F35}.Debug|Win32.ActiveCfg = Debug|Win32
		{4EA67FFD-9670-39B4-A76D-5BF08F287F35}.Debug|Win32.Build.0 = Debug|Win32
		{4EA67FFD-9670-39B4-A76D-5BF08F287F35}.Release|Win32.ActiveCfg = Release|Win32
		{4EA67FFD-9670-39B4-A76D-5BF08F287F35}.Release|Win32.Build.0 = Release|Win32
		{4EA67FFD-9670-39B4-A76D-5BF08F287F35}.MinSizeRel|Win32.ActiveCfg = MinSizeRel|Win32
		{4EA67FFD-9670-39B4-A76D-5BF08F287F35}.MinSizeRel|Win32.Build.0 = MinSizeRel|Win32
		{4EA67FFD-9670-39B4-A76D-5BF08F287F35}.RelWithDebInfo|Win32.ActiveCfg = RelWithDebInfo|Win32
		{4EA67FFD-9670-39B4-A76D-5BF08F287F35}.RelWithDebInfo|Win32.Build.0 = RelWithDebInfo|Win32
		{9E874DBF-96BF-343A-A1B8-84C32C7F0FFD}.Debug|Win32.ActiveCfg = Debug|Win32
		{9E874DBF-96BF-343A-A1B8-84C32C7F0FFD}.Debug|Win32.Build.0 = Debug|Win32
		{9E874DBF-96BF-343A-A1B8-84C32C7F0FFD}.Release|Win32.ActiveCfg = Release|Win32
		{9E874DBF-96BF-343A-A1B8-84C32C7F0FFD}.Release|Win32.Build.0 = Release|Win32
		{9E874DBF-96BF-343A-A1B8-84C32C7F0FFD}.MinSizeRel|Win32.ActiveCfg = MinSizeRel|Win32
		{9E874DBF-96BF-343A-A1B8-84C32C7F0FFD}.MinSizeRel|Win32.Build.0 = MinSizeRel|Win32
		{9E874DBF-96BF-343A-A1B8-84C32C7F0FFD}.RelWithDebInfo|Win32.ActiveCfg = RelWithDebInfo|Win32
		{9E874DBF-96BF-343A-A1B8-84C32C7F0FFD}.RelWithDebInfo|Win32.Build.0 = RelWithDebInfo|Win32
		{910EE277-B5DA-3B00-AF58-C6FD68BD8F10}.Debug|Win32.ActiveCfg = Debug|Win32
		{910EE277-B5DA-3B00-AF58-C6FD68BD8F10}.Debug|Win32.Build.0 = Debug|Win32
		{910EE277-B5DA-3B00-AF58-C6FD68BD8F10}.Release|Win32.ActiveCfg = Release|Win32
		{910EE277-B5DA-3B00-AF58-C6FD68BD8F10}.Release|Win32.Build.0 = Release|Win32
		{910EE277-B5DA-3B00-AF58-C6FD68BD8F10}.MinSizeRel|Win32.ActiveCfg = MinSizeRel|Win32
		{910EE277-B5DA-3B00-AF58-C6FD68BD8F10}.MinSizeRel|Win32.Build.0 = MinSizeRel|Win32
		{910EE277-B5DA-3B00-AF58-C6FD68BD8F10}.RelWithDebInfo|Win32.ActiveCfg = RelWithDebInfo|Win32
		{910EE277-B5DA-3B00-AF58-C6FD68BD8F10}.RelWithDebInfo|Win32.Build.0 = RelWithDebInfo|Win32
		{FF77528D-49BD-3063-9E67-84ECEE5153C7}.Debug|Win32.ActiveCfg = Debug|Win32
		{FF77528D-49BD-3063-9E67-84ECEE5153C7}.Debug|Win32.Build.0 = Debug|Win32
		{FF77528D-49BD-3063-9E67-84ECEE5153C7}.Release|Win32.ActiveCfg = Release|Win32
		{FF77528D-49BD-3063-9E67-84ECEE5153C7}.Release|Win32.Build.0 = Release|Win32
		{FF77528D-49BD-3063-9E67-84ECEE5153C7}.MinSizeRel|Win32.ActiveCfg = MinSizeRel|Win32
		{FF77528D-49BD-3063-9E67-84ECEE5153C7}.MinSizeRel|Win32.Build.0 = MinSizeRel|Win32
		{FF77528D-49BD-3063-9E67-84ECEE5153C7}.RelWithDebInfo|Win32.ActiveCfg = RelWithDebInfo|Win32
		{FF77528D-49BD-3063-9E67-84ECEE5153C7}.RelWithDebInfo|Win32.Build.0 = RelWithDebInfo|Win32
		{7D06C868-280C-35B9-A30B-DFB4494A92FD}.Debug|Win32.ActiveCfg = Debug|Win32
		{7D06C868-280C-35B9-A30B-DFB4494A92FD}.Debug|Win32.Build.0 = Debug|Win32
		{7D06C868-280C-35B9-A30B-DFB4494A92FD}.Release|Win32.ActiveCfg = Release|Win32
		{7D06C868-280C-35B9-A30B-DFB4494A92FD}.Release|Win32.Build.0 = Release|Win32
		{7D06C868-280C-35B9-A30B-DFB4494A92FD}.MinSizeRel|Win32.ActiveCfg = MinSizeRel|Win32
		{7D06C868-280C-35B9-A30B-DFB4494A92FD}.MinSizeRel|Win32.Build.0 = MinSizeRel|Win32
		{7D06C868-280C-35B9-A30B-DFB4494A92FD}.RelWithDebInfo|Win32.ActiveCfg = RelWithDebInfo|Win32
		{7D06C868-280C-35B9-A30B-DFB4494A92FD}.RelWithDebInfo|Win32.Build.0 = RelWithDebInfo|Win32
		{68783BA2-A2F5-32E3-921B-E0F5D3AE0F8A}.Debug|Win32.ActiveCfg = Debug|Win32
		{68783BA2-A2F5-32E3-921B-E0F5D3AE0F8A}.Debug|Win32.Build.0 = Debug|Win32
		{68783BA2-A2F5-32E3-921B-E0F5D3AE0F8A}.Release|Win32.ActiveCfg = Release|Win32
		{68783BA2-A2F5-32E3-921B-E0F5D3AE0F8A}.Release|Win32.Build.0 = Release|Win32
		{68783BA2-A2F5-32E3-921B-E0F5D3AE0F8A}.MinSizeRel|Win32.ActiveCfg = MinSizeRel|Win32
		{68783BA2-A2F5-32E3-921B-E0F5D3AE0F8A}.MinSizeRel|Win32.Build.0 = MinSizeRel|Win32
		{68783BA2-A2F5-32E3-921B-E0F5D3AE0F8A}.RelWithDebInfo|Win32.ActiveCfg = RelWithDebInfo|Win32
		{68783BA2-A2F5-32E3-921B-E0F5D3AE0F8A}.RelWithDebInfo|Win32.Build.0 = RelWithDebInfo|Win32
		{7138627E-06BB-321E-8B0F-E57E4AA9EC75}.Debug|Win32.ActiveCfg = Debug|Win32
		{7138627E-06BB-321E-8B0F-E57E4AA9EC75}.Debug|Win32.Build.0 = Debug|Win32
		{7138627E-06BB-321E-8B0F-E57E4AA9EC75}.Release|Win32.ActiveCfg = Release|Win32
		{7138627E-06BB-321E-8B0F-E57E4AA9EC75}.Release|Win32.Build.0 = Release|Win32
		{7138627E-06BB-321E-8B0F-E57E4AA9EC75}.MinSizeRel|Win32.ActiveCfg = MinSizeRel|Win32
		{7138627E-06BB-321E-8B0F-E57E4AA9EC75}.MinSizeRel|Win32.Build.0 = MinSizeRel|Win32
		{7138627E-06BB-321E-8B0F-E57E4AA9EC75}.RelWithDebInfo|Win32.ActiveCfg = RelWithDebInfo|Win32
		{7138627E-06BB-321E-8B0F-E57E4AA9EC75}.RelWithDebInfo|Win32.Build.0 = RelWithDebInfo|Win32
		{C35D0EE7-CE0E-3AA3-BE56-9A389AF7A7D0}.Debug|Win32.ActiveCfg = Debug|Win32
		{C35D0EE7-CE0E-3AA3-BE56-9A389AF7A7D0}.Debug|Win32.Build.0 = Debug|Win32
		{C35D0EE7-CE0E-3AA3-BE56-9A389AF7A7D0}.Release|Win32.ActiveCfg = Release|Win32
		{C35D0EE7-CE0E-3AA3-BE56-9A389AF7A7D0}.Release|Win32.Build.0 = Release|Win32
		{C35D0EE7-CE0E-3AA3-BE56-9A389AF7A7D0}.MinSizeRel|Win32.ActiveCfg = MinSizeRel|Win32
		{C35D0EE7-CE0E-3AA3-BE56-9A389AF7A7D0}.MinSizeRel|Win32.Build.0 = MinSizeRel|Win32
		{C35D0EE7-CE0E-3AA3-BE56-9A389AF7A7D0}.RelWithDebInfo|Win32.ActiveCfg = RelWithDebInfo|Win32
		{C35D0EE7-CE0E-3AA3-BE56-9A389AF7A7D0}.RelWithDebInfo|Win32.Build.0 = RelWithDebInfo|Win32
		{827364A0-91C4-3200-9CF0-6F9FDB0AC9D9}.Debug|Win32.ActiveCfg = Debug|Win32
		{827364A0-91C4-3200-9CF0-6F9FDB0AC9D9}.Debug|Win32.Build.0 = Debug|Win32
		{827364A0-91C4-3200-9CF0-6F9FDB0AC9D9}.Release|Win32.ActiveCfg = Release|Win32
		{827364A0-91C4-3200-9CF0-6F9FDB0AC9D9}.Release|Win32.Build.0 = Release|Win32
		{827364A0-91C4-3200-9CF0-6F9FDB0AC9D9}.MinSizeRel|Win32.ActiveCfg = MinSizeRel|Win32
		{827364A0-91C4-3200-9CF0-6F9FDB0AC9D9}.MinSizeRel|Win32.Build.0 = MinSizeRel|Win32
		{827364A0-91C4-3200-9CF0-6F9FDB0AC9D9}.RelWithDebInfo|Win32.ActiveCfg = RelWithDebInfo|Win32
		{827364A0-91C4-3200-9CF0-6F9FDB0AC9D9}.RelWithDebInfo|Win32.Build.0 = RelWithDebInfo|Win32
		{EEB71D5D-433A-3661-84F0-887DA11AFDC7}.Debug|Win32.ActiveCfg = Debug|Win32
		{EEB71D5D-433A-3661-84F0-887DA11AFDC7}.Debug|Win32.Build.0 = Debug|Win32
		{EEB71D5D-433A-3661-84F0-887DA11AFDC7}.Release|Win32.ActiveCfg = Release|Win32
		{EEB71D5D-433A-3661-84F0-887DA11AFDC7}.Release|Win32.Build.0 = Release|Win32
		{EEB71D5D-433A-3661-84F0-887DA11AFDC7}.MinSizeRel|Win32.ActiveCfg = MinSizeRel|Win32
		{EEB71D5D-433A-3661-84F0-887DA11AFDC7}.MinSizeRel|Win32.Build.0 = MinSizeRel|Win32
		{EEB71D5D-433A-3661-84F0-887DA11AFDC7}.RelWithDebInfo|Win32.ActiveCfg = RelWithDebInfo|Win32
		{EEB71D5D-433A-3661-84F0-887DA11AFDC7}.RelWithDebInfo|Win32.Build.0 = RelWithDebInfo|Win32
		{7951BDE0-362F-3390-8D13-427C5C0F65AA}.Debug|Win32.ActiveCfg = Debug|Win32
		{7951BDE0-362F-3390-8D13-427C5C0F65AA}.Debug|Win32.Build.0 = Debug|Win32
		{7951BDE0-362F-3390-8D13-427C5C0F65AA}.Release|Win32.ActiveCfg = Release|Win32
		{7951BDE0-362F-3390-8D13-427C5C0F65AA}.Release|Win32.Build.0 = Release|Win32
		{7951BDE0-362F-3390-8D13-427C5C0F65AA}.MinSizeRel|Win32.ActiveCfg = MinSizeRel|Win32
		{7951BDE0-362F-3390-8D13-427C5C0F65AA}.MinSizeRel|Win32.Build.0 = MinSizeRel|Win32
		{7951BDE0-362F-3390-8D13-427C5C0F65AA}.RelWithDebInfo|Win32.ActiveCfg = RelWithDebInfo|Win32
		{7951BDE0-362F-3390-8D13-427C5C0F65AA}.RelWithDebInfo|Win32.Build.0 = RelWithDebInfo|Win32
		{0EB8DB64-B391-32F3-9FB0-18A2A1A99147}.Debug|Win32.ActiveCfg = Debug|Win32
		{0EB8DB64-B391-32F3-9FB0-18A2A1A99147}.Debug|Win32.Build.0 = Debug|Win32
		{0EB8DB64-B391-32F3-9FB0-18A2A1A99147}.Release|Win32.ActiveCfg = Release|Win32
		{0EB8DB64-B391-32F3-9FB0-18A2A1A99147}.Release|Win32.Build.0 = Release|Win32
		{0EB8DB64-B391-32F3-9FB0-18A2A1A99147}.MinSizeRel|Win32.ActiveCfg = MinSizeRel|Win32
		{0EB8DB64-B391-32F3-9FB0-18A2A1A99147}.MinSizeRel|Win32.Build.0 = MinSizeRel|Win32
		{0EB8DB64-B391-32F3-9FB0-18A2A1A99147}.RelWithDebInfo|Win32.ActiveCfg = RelWithDebInfo|Win32
		{0EB8DB64-B391-32F3-9FB0-18A2A1A99147}.RelWithDebInfo|Win32.Build.0 = RelWithDebInfo|Win32
		{344A0ECA-C145-3431-855F-6D48B9968A37}.Debug|Win32.ActiveCfg = Debug|Win32
		{344A0ECA-C145-3431-855F-6D48B9968A37}.Debug|Win32.Build.0 = Debug|Win32
		{344A0ECA-C145-3431-855F-6D48B9968A37}.Release|Win32.ActiveCfg = Release|Win32
		{344A0ECA-C145-3431-855F-6D48B9968A37}.Release|Win32.Build.0 = Release|Win32
		{344A0ECA-C145-3431-855F-6D48B9968A37}.MinSizeRel|Win32.ActiveCfg = MinSizeRel|Win32
		{344A0ECA-C145-3431-855F-6D48B9968A37}.MinSizeRel|Win32.Build.0 = MinSizeRel|Win32
		{344A0ECA-C145-3431-855F-6D48B9968A37}.RelWithDebInfo|Win32.ActiveCfg = RelWithDebInfo|Win32
		{344A0ECA-C145-3431-855F-6D48B9968A37}.RelWithDebInfo|Win32.Build.0 = RelWithDebInfo|Win32
		{5C61AF60-A41A-38FE-B172-89ED19F67FE5}.Debug|Win32.ActiveCfg = Debug|Win32
		{5C61AF60-A41A-38FE-B172-89ED19F67FE5}.Debug|Win32.Build.0 = Debug|Win32
		{5C61AF60-A41A-38FE-B172-89ED19F67FE5}.Release|Win32.ActiveCfg = Release|Win32
		{5C61AF60-A41A-38FE-B172-89ED19F67FE5}.Release|Win32.Build.0 = Release|Win32
		{5C61AF60-A41A-38FE-B172-89ED19F67FE5}.MinSizeRel|Win32.ActiveCfg = MinSizeRel|Win32
		{5C61AF60-A41A-38FE-B172-89ED19F67FE5}.MinSizeRel|Win32.Build.0 = MinSizeRel|Win32
		{5C61AF60-A41A-38FE-B172-89ED19F67FE5}.RelWithDebInfo|Win32.ActiveCfg = RelWithDebInfo|Win32
		{5C61AF60-A41A-38FE-B172-89ED19F67FE5}.RelWithDebInfo|Win32.Build.0 = RelWithDebInfo|Win32
		{1B5F1637-9F16-3ED1-9527-387728B32356}.Debug|Win32.ActiveCfg = Debug|Win32
		{1B5F1637-9F16-3ED1-9527-387728B32356}.Debug|Win32.Build.0 = Debug|Win32
		{1B5F1637-9F16-3ED1-9527-387728B32356}.Release|Win32.ActiveCfg = Release|Win32
		{1B5F1637-9F16-3ED1-9527-387728B32356}.Release|Win32.Build.0 = Release|Win32
		{1B5F1637-9F16-3ED1-9527-387728B32356}.MinSizeRel|Win32.ActiveCfg = MinSizeRel|Win32
		{1B5F1637-9F16-3ED1-9527-387728B32356}.MinSizeRel|Win32.Build.0 = MinSizeRel|Win32
		{1B5F1637-9F16-3ED1-9527-387728B32356}.RelWithDebInfo|Win32.ActiveCfg = RelWithDebInfo|Win32
		{1B5F1637-9F16-3ED1-9527-387728B32356}.RelWithDebInfo|Win32.Build.0 = RelWithDebInfo|Win32
		{8B99B670-2F8C-3C52-B6FB-1194FA594064}.Debug|Win32.ActiveCfg = Debug|Win32
		{8B99B670-2F8C-3C52-B6FB-1194FA594064}.Debug|Win32.Build.0 = Debug|Win32
		{8B99B670-2F8C-3C52-B6FB-1194FA594064}.Release|Win32.ActiveCfg = Release|Win32
		{8B99B670-2F8C-3C52-B6FB-1194FA594064}.Release|Win32.Build.0 = Release|Win32
		{8B99B670-2F8C-3C52-B6FB-1194FA594064}.MinSizeRel|Win32.ActiveCfg = MinSizeRel|Win32
		{8B99B670-2F8C-3C52-B6FB-1194FA594064}.MinSizeRel|Win32.Build.0 = MinSizeRel|Win32
		{8B99B670-2F8C-3C52-B6FB-1194FA594064}.RelWithDebInfo|Win32.ActiveCfg = RelWithDebInfo|Win32
		{8B99B670-2F8C-3C52-B6FB-1194FA594064}.RelWithDebInfo|Win32.Build.0 = RelWithDebInfo|Win32
		{B5B77B40-CF79-393A-A64B-1E18DC24E0D6}.Debug|Win32.ActiveCfg = Debug|Win32
		{B5B77B40-CF79-393A-A64B-1E18DC24E0D6}.Debug|Win32.Build.0 = Debug|Win32
		{B5B77B40-CF79-393A-A64B-1E18DC24E0D6}.Release|Win32.ActiveCfg = Release|Win32
		{B5B77B40-CF79-393A-A64B-1E18DC24E0D6}.Release|Win32.Build.0 = Release|Win32
		{B5B77B40-CF79-393A-A64B-1E18DC24E0D6}.MinSizeRel|Win32.ActiveCfg = MinSizeRel|Win32
		{B5B77B40-CF79-393A-A64B-1E18DC24E0D6}.MinSizeRel|Win32.Build.0 = MinSizeRel|Win32
		{B5B77B40-CF79-393A-A64B-1E18DC24E0D6}.RelWithDebInfo|Win32.ActiveCfg = RelWithDebInfo|Win32
		{B5B77B40-CF79-393A-A64B-1E18DC24E0D6}.RelWithDebInfo|Win32.Build.0 = RelWithDebInfo|Win32
		{7B54A593-9EDE-390C-AD4D-DA5B5CE5613D}.Debug|Win32.ActiveCfg = Debug|Win32
		{7B54A593-9EDE-390C-AD4D-DA5B5CE5613D}.Debug|Win32.Build.0 = Debug|Win32
		{7B54A593-9EDE-390C-AD4D-DA5B5CE5613D}.Release|Win32.ActiveCfg = Release|Win32
		{7B54A593-9EDE-390C-AD4D-DA5B5CE5613D}.Release|Win32.Build.0 = Release|Win32
		{7B54A593-9EDE-390C-AD4D-DA5B5CE5613D}.MinSizeRel|Win32.ActiveCfg = MinSizeRel|Win32
		{7B54A593-9EDE-390C-AD4D-DA5B5CE5613D}.MinSizeRel|Win32.Build.0 = MinSizeRel|Win32
		{7B54A593-9EDE-390C-AD4D-DA5B5CE5613D}.RelWithDebInfo|Win32.ActiveCfg = RelWithDebInfo|Win32
		{7B54A593-9EDE-390C-AD4D-DA5B5CE5613D}.RelWithDebInfo|Win32.Build.0 = RelWithDebInfo|Win32
		{8EE2B0A0-CB89-3022-9D47-72889A00975F}.Debug|Win32.ActiveCfg = Debug|Win32
		{8EE2B0A0-CB89-3022-9D47-72889A00975F}.Debug|Win32.Build.0 = Debug|Win32
		{8EE2B0A0-CB89-3022-9D47-72889A00975F}.Release|Win32.ActiveCfg = Release|Win32
		{8EE2B0A0-CB89-3022-9D47-72889A00975F}.Release|Win32.Build.0 = Release|Win32
		{8EE2B0A0-CB89-3022-9D47-72889A00975F}.MinSizeRel|Win32.ActiveCfg = MinSizeRel|Win32
		{8EE2B0A0-CB89-3022-9D47-72889A00975F}.MinSizeRel|Win32.Build.0 = MinSizeRel|Win32
		{8EE2B0A0-CB89-3022-9D47-72889A00975F}.RelWithDebInfo|Win32.ActiveCfg = RelWithDebInfo|Win32
		{8EE2B0A0-CB89-3022-9D47-72889A00975F}.RelWithDebInfo|Win32.Build.0 = RelWithDebInfo|Win32
	EndGlobalSection
	GlobalSection(ExtensibilityGlobals) = postSolution
	EndGlobalSection
	GlobalSection(ExtensibilityAddIns) = postSolution
	EndGlobalSection
EndGlobal
